
Microsoft Visual Studio Solution File, Format Version 12.00
# Visual Studio Version 16
VisualStudioVersion = 16.0.30225.117
MinimumVisualStudioVersion = 10.0.40219.1
Project("{FAE04EC0-301F-11D3-BF4B-00C04F79EFBC}") = "CaractersLimitados", "CaractersLimitados.csproj", "{2AA6CCB6-8CC6-49DD-A3F8-67BDF7B1FE5D}"
EndProject
Global
	GlobalSection(SolutionConfigurationPlatforms) = preSolution
		Debug|Any CPU = Debug|Any CPU
		Release|Any CPU = Release|Any CPU
	EndGlobalSection
	GlobalSection(ProjectConfigurationPlatforms) = postSolution
		{2AA6CCB6-8CC6-49DD-A3F8-67BDF7B1FE5D}.Debug|Any CPU.ActiveCfg = Debug|Any CPU
		{2AA6CCB6-8CC6-49DD-A3F8-67BDF7B1FE5D}.Debug|Any CPU.Build.0 = Debug|Any CPU
		{2AA6CCB6-8CC6-49DD-A3F8-67BDF7B1FE5D}.Release|Any CPU.ActiveCfg = Release|Any CPU
		{2AA6CCB6-8CC6-49DD-A3F8-67BDF7B1FE5D}.Release|Any CPU.Build.0 = Release|Any CPU
	EndGlobalSection
	GlobalSection(SolutionProperties) = preSolution
		HideSolutionNode = FALSE
	EndGlobalSection
	GlobalSection(ExtensibilityGlobals) = postSolution
		SolutionGuid = {23BCBBC8-04FF-458E-9313-0E1993A90472}
	EndGlobalSection
EndGlobal
