
Microsoft Visual Studio Solution File, Format Version 12.00
# Visual Studio Version 16
VisualStudioVersion = 16.0.30225.117
MinimumVisualStudioVersion = 10.0.40219.1
Project("{FAE04EC0-301F-11D3-BF4B-00C04F79EFBC}") = "Opacity", "Opacity.csproj", "{E5ECEA27-5C14-4275-8825-BB5C9955D470}"
EndProject
Global
	GlobalSection(SolutionConfigurationPlatforms) = preSolution
		Debug|Any CPU = Debug|Any CPU
		Release|Any CPU = Release|Any CPU
	EndGlobalSection
	GlobalSection(ProjectConfigurationPlatforms) = postSolution
		{E5ECEA27-5C14-4275-8825-BB5C9955D470}.Debug|Any CPU.ActiveCfg = Debug|Any CPU
		{E5ECEA27-5C14-4275-8825-BB5C9955D470}.Debug|Any CPU.Build.0 = Debug|Any CPU
		{E5ECEA27-5C14-4275-8825-BB5C9955D470}.Release|Any CPU.ActiveCfg = Release|Any CPU
		{E5ECEA27-5C14-4275-8825-BB5C9955D470}.Release|Any CPU.Build.0 = Release|Any CPU
	EndGlobalSection
	GlobalSection(SolutionProperties) = preSolution
		HideSolutionNode = FALSE
	EndGlobalSection
	GlobalSection(ExtensibilityGlobals) = postSolution
		SolutionGuid = {8CF9D097-D115-43D2-B5B1-B7B3B7426980}
	EndGlobalSection
EndGlobal
