
Microsoft Visual Studio Solution File, Format Version 12.00
# Visual Studio Version 16
VisualStudioVersion = 16.0.30225.117
MinimumVisualStudioVersion = 10.0.40219.1
Project("{FAE04EC0-301F-11D3-BF4B-00C04F79EFBC}") = "Formato", "Formato.csproj", "{8690588D-499E-4F07-B35A-ECAFFBBE1C20}"
EndProject
Global
	GlobalSection(SolutionConfigurationPlatforms) = preSolution
		Debug|Any CPU = Debug|Any CPU
		Release|Any CPU = Release|Any CPU
	EndGlobalSection
	GlobalSection(ProjectConfigurationPlatforms) = postSolution
		{8690588D-499E-4F07-B35A-ECAFFBBE1C20}.Debug|Any CPU.ActiveCfg = Debug|Any CPU
		{8690588D-499E-4F07-B35A-ECAFFBBE1C20}.Debug|Any CPU.Build.0 = Debug|Any CPU
		{8690588D-499E-4F07-B35A-ECAFFBBE1C20}.Release|Any CPU.ActiveCfg = Release|Any CPU
		{8690588D-499E-4F07-B35A-ECAFFBBE1C20}.Release|Any CPU.Build.0 = Release|Any CPU
	EndGlobalSection
	GlobalSection(SolutionProperties) = preSolution
		HideSolutionNode = FALSE
	EndGlobalSection
	GlobalSection(ExtensibilityGlobals) = postSolution
		SolutionGuid = {17ACF6C0-AEE1-408D-B8AB-E58E9E3DECE8}
	EndGlobalSection
EndGlobal
